
Microsoft Visual Studio Solution File, Format Version 12.00
# Visual Studio Version 16
VisualStudioVersion = 16.0.31025.194
MinimumVisualStudioVersion = 10.0.40219.1
Project("{9A19103F-16F7-4668-BE54-9A1E7A4F7556}") = "Common", "Common\Common.csproj", "{C8128093-0010-419C-8D12-EE9167F77349}"
EndProject
Project("{9A19103F-16F7-4668-BE54-9A1E7A4F7556}") = "Data", "Data\Data.csproj", "{AFED7A71-9855-4593-BAC4-204D86604679}"
EndProject
Project("{9A19103F-16F7-4668-BE54-9A1E7A4F7556}") = "Entities", "Entities\Entities.csproj", "{917A4573-4A5B-443E-9CB2-4FF7697ECEAB}"
EndProject
Project("{9A19103F-16F7-4668-BE54-9A1E7A4F7556}") = "Services", "Services\Services.csproj", "{BACC0F52-A7F4-4818-BDCE-5784DCFD6279}"
EndProject
Project("{2150E333-8FDC-42A3-9474-1A3956D46DE8}") = "Src", "Src", "{DAC4A63F-17F6-49CE-B5E3-E74562CFCB01}"
EndProject
Project("{9A19103F-16F7-4668-BE54-9A1E7A4F7556}") = "WebFramework", "WebFramework\WebFramework.csproj", "{15E36372-A644-49EC-BC7D-AFD262AF0CB8}"
EndProject
Project("{2150E333-8FDC-42A3-9474-1A3956D46DE8}") = "Test", "Test", "{A445AD26-8573-4535-9D7C-C55ACB12D4FC}"
EndProject
Project("{9A19103F-16F7-4668-BE54-9A1E7A4F7556}") = "IdentityTests", "IdentityTests\IdentityTests.csproj", "{3A28916D-0AB0-4888-A633-60DD5923A771}"
EndProject
Project("{9A19103F-16F7-4668-BE54-9A1E7A4F7556}") = "Services Tests", "Services Tests\Services Tests.csproj", "{E489F799-A47F-4F3D-A4D2-14E2F6438B1F}"
EndProject
Project("{9A19103F-16F7-4668-BE54-9A1E7A4F7556}") = "Presentation.Api", "Presentation.Api\Presentation.Api.csproj", "{6437FACF-9670-4644-8724-0C4421651D40}"
EndProject
Project("{9A19103F-16F7-4668-BE54-9A1E7A4F7556}") = "Presentation.Mvc", "Presentation.Mvc\Presentation.Mvc.csproj", "{5923F179-D0F2-466E-A96C-9D5A43F9AD38}"
EndProject
Global
	GlobalSection(SolutionConfigurationPlatforms) = preSolution
		Debug|Any CPU = Debug|Any CPU
		Release|Any CPU = Release|Any CPU
	EndGlobalSection
	GlobalSection(ProjectConfigurationPlatforms) = postSolution
		{C8128093-0010-419C-8D12-EE9167F77349}.Debug|Any CPU.ActiveCfg = Debug|Any CPU
		{C8128093-0010-419C-8D12-EE9167F77349}.Debug|Any CPU.Build.0 = Debug|Any CPU
		{C8128093-0010-419C-8D12-EE9167F77349}.Release|Any CPU.ActiveCfg = Release|Any CPU
		{C8128093-0010-419C-8D12-EE9167F77349}.Release|Any CPU.Build.0 = Release|Any CPU
		{AFED7A71-9855-4593-BAC4-204D86604679}.Debug|Any CPU.ActiveCfg = Debug|Any CPU
		{AFED7A71-9855-4593-BAC4-204D86604679}.Debug|Any CPU.Build.0 = Debug|Any CPU
		{AFED7A71-9855-4593-BAC4-204D86604679}.Release|Any CPU.ActiveCfg = Release|Any CPU
		{AFED7A71-9855-4593-BAC4-204D86604679}.Release|Any CPU.Build.0 = Release|Any CPU
		{917A4573-4A5B-443E-9CB2-4FF7697ECEAB}.Debug|Any CPU.ActiveCfg = Debug|Any CPU
		{917A4573-4A5B-443E-9CB2-4FF7697ECEAB}.Debug|Any CPU.Build.0 = Debug|Any CPU
		{917A4573-4A5B-443E-9CB2-4FF7697ECEAB}.Release|Any CPU.ActiveCfg = Release|Any CPU
		{917A4573-4A5B-443E-9CB2-4FF7697ECEAB}.Release|Any CPU.Build.0 = Release|Any CPU
		{BACC0F52-A7F4-4818-BDCE-5784DCFD6279}.Debug|Any CPU.ActiveCfg = Debug|Any CPU
		{BACC0F52-A7F4-4818-BDCE-5784DCFD6279}.Debug|Any CPU.Build.0 = Debug|Any CPU
		{BACC0F52-A7F4-4818-BDCE-5784DCFD6279}.Release|Any CPU.ActiveCfg = Release|Any CPU
		{BACC0F52-A7F4-4818-BDCE-5784DCFD6279}.Release|Any CPU.Build.0 = Release|Any CPU
		{15E36372-A644-49EC-BC7D-AFD262AF0CB8}.Debug|Any CPU.ActiveCfg = Debug|Any CPU
		{15E36372-A644-49EC-BC7D-AFD262AF0CB8}.Debug|Any CPU.Build.0 = Debug|Any CPU
		{15E36372-A644-49EC-BC7D-AFD262AF0CB8}.Release|Any CPU.ActiveCfg = Release|Any CPU
		{15E36372-A644-49EC-BC7D-AFD262AF0CB8}.Release|Any CPU.Build.0 = Release|Any CPU
		{3A28916D-0AB0-4888-A633-60DD5923A771}.Debug|Any CPU.ActiveCfg = Debug|Any CPU
		{3A28916D-0AB0-4888-A633-60DD5923A771}.Debug|Any CPU.Build.0 = Debug|Any CPU
		{3A28916D-0AB0-4888-A633-60DD5923A771}.Release|Any CPU.ActiveCfg = Release|Any CPU
		{3A28916D-0AB0-4888-A633-60DD5923A771}.Release|Any CPU.Build.0 = Release|Any CPU
		{E489F799-A47F-4F3D-A4D2-14E2F6438B1F}.Debug|Any CPU.ActiveCfg = Debug|Any CPU
		{E489F799-A47F-4F3D-A4D2-14E2F6438B1F}.Debug|Any CPU.Build.0 = Debug|Any CPU
		{E489F799-A47F-4F3D-A4D2-14E2F6438B1F}.Release|Any CPU.ActiveCfg = Release|Any CPU
		{E489F799-A47F-4F3D-A4D2-14E2F6438B1F}.Release|Any CPU.Build.0 = Release|Any CPU
		{6437FACF-9670-4644-8724-0C4421651D40}.Debug|Any CPU.ActiveCfg = Debug|Any CPU
		{6437FACF-9670-4644-8724-0C4421651D40}.Debug|Any CPU.Build.0 = Debug|Any CPU
		{6437FACF-9670-4644-8724-0C4421651D40}.Release|Any CPU.ActiveCfg = Release|Any CPU
		{6437FACF-9670-4644-8724-0C4421651D40}.Release|Any CPU.Build.0 = Release|Any CPU
		{5923F179-D0F2-466E-A96C-9D5A43F9AD38}.Debug|Any CPU.ActiveCfg = Debug|Any CPU
		{5923F179-D0F2-466E-A96C-9D5A43F9AD38}.Debug|Any CPU.Build.0 = Debug|Any CPU
		{5923F179-D0F2-466E-A96C-9D5A43F9AD38}.Release|Any CPU.ActiveCfg = Release|Any CPU
		{5923F179-D0F2-466E-A96C-9D5A43F9AD38}.Release|Any CPU.Build.0 = Release|Any CPU
	EndGlobalSection
	GlobalSection(SolutionProperties) = preSolution
		HideSolutionNode = FALSE
	EndGlobalSection
	GlobalSection(NestedProjects) = preSolution
		{C8128093-0010-419C-8D12-EE9167F77349} = {DAC4A63F-17F6-49CE-B5E3-E74562CFCB01}
		{AFED7A71-9855-4593-BAC4-204D86604679} = {DAC4A63F-17F6-49CE-B5E3-E74562CFCB01}
		{917A4573-4A5B-443E-9CB2-4FF7697ECEAB} = {DAC4A63F-17F6-49CE-B5E3-E74562CFCB01}
		{BACC0F52-A7F4-4818-BDCE-5784DCFD6279} = {DAC4A63F-17F6-49CE-B5E3-E74562CFCB01}
		{15E36372-A644-49EC-BC7D-AFD262AF0CB8} = {DAC4A63F-17F6-49CE-B5E3-E74562CFCB01}
		{3A28916D-0AB0-4888-A633-60DD5923A771} = {A445AD26-8573-4535-9D7C-C55ACB12D4FC}
		{E489F799-A47F-4F3D-A4D2-14E2F6438B1F} = {A445AD26-8573-4535-9D7C-C55ACB12D4FC}
		{6437FACF-9670-4644-8724-0C4421651D40} = {DAC4A63F-17F6-49CE-B5E3-E74562CFCB01}
		{5923F179-D0F2-466E-A96C-9D5A43F9AD38} = {DAC4A63F-17F6-49CE-B5E3-E74562CFCB01}
	EndGlobalSection
	GlobalSection(ExtensibilityGlobals) = postSolution
		SolutionGuid = {B7B347CF-0584-4E6C-B4B4-93CB91E3961D}
	EndGlobalSection
EndGlobal
